<?xml version="1.0" encoding="UTF-8"?>
<Scheme
   LastUpgradeVersion = "0730"
   version = "2.0">
   <BuildAction
      parallelizeBuildables = "YES"
      buildImplicitDependencies = "YES">
      <BuildActionEntries>
         <BuildActionEntry
            buildForTesting = "YES"
            buildForRunning = "YES"
            buildForProfiling = "YES"
            buildForArchiving = "YES"
            buildForAnalyzing = "YES">
            <BuildableReference
               BuildableIdentifier = "primary"
               BlueprintIdentifier = "FCD161F31CCD3B5400574793"
               BuildableName = "Philipp Hadjimina WatchKit.app"
               BlueprintName = "Philipp Hadjimina WatchKit"
               ReferencedContainer = "container:Philipp Hadjimina.xcodeproj">
            </BuildableReference>
         </BuildActionEntry>
         <BuildActionEntry
            buildForTesting = "YES"
            buildForRunning = "YES"
            buildForProfiling = "YES"
            buildForArchiving = "YES"
            buildForAnalyzing = "YES">
            <BuildableReference
               BuildableIdentifier = "primary"
               BlueprintIdentifier = "FC664AD11CCA98C7003AC3D5"
               BuildableName = "Philipp Hadjimina.app"
               BlueprintName = "Philipp Hadjimina"
               ReferencedContainer = "container:Philipp Hadjimina.xcodeproj">
            </BuildableReference>
         </BuildActionEntry>
         <BuildActionEntry
            buildForTesting = "YES"
            buildForRunning = "YES"
            buildForProfiling = "YES"
            buildForArchiving = "YES"
            buildForAnalyzing = "YES">
            <BuildableReference
               BuildableIdentifier = "primary"
               BlueprintIdentifier = "FCD161FF1CCD3B5500574793"
               BuildableName = "Philipp Hadjimina WatchKit Extension.appex"
               BlueprintName = "Philipp Hadjimina WatchKit Extension"
               ReferencedContainer = "container:Philipp Hadjimina.xcodeproj">
            </BuildableReference>
         </BuildActionEntry>
      </BuildActionEntries>
   </BuildAction>
   <TestAction
      buildConfiguration = "Debug"
      selectedDebuggerIdentifier = "Xcode.DebuggerFoundation.Debugger.LLDB"
      selectedLauncherIdentifier = "Xcode.DebuggerFoundation.Launcher.LLDB"
      shouldUseLaunchSchemeArgsEnv = "YES">
      <Testables>
      </Testables>
      <MacroExpansion>
         <BuildableReference
            BuildableIdentifier = "primary"
            BlueprintIdentifier = "FCD161F31CCD3B5400574793"
            BuildableName = "Philipp Hadjimina WatchKit.app"
            BlueprintName = "Philipp Hadjimina WatchKit"
            ReferencedContainer = "container:Philipp Hadjimina.xcodeproj">
         </BuildableReference>
      </MacroExpansion>
      <AdditionalOptions>
      </AdditionalOptions>
   </TestAction>
   <LaunchAction
      buildConfiguration = "Debug"
      selectedDebuggerIdentifier = "Xcode.DebuggerFoundation.Debugger.LLDB"
      selectedLauncherIdentifier = "Xcode.DebuggerFoundation.Launcher.LLDB"
      launchStyle = "0"
      useCustomWorkingDirectory = "NO"
      ignoresPersistentStateOnLaunch = "NO"
      debugDocumentVersioning = "YES"
      debugServiceExtension = "internal"
      allowLocationSimulation = "YES"
      launchAutomaticallySubstyle = "8"
      notificationPayloadFile = "Philipp Hadjimina WatchKit Extension/PushNotificationPayload.apns">
      <RemoteRunnable
         runnableDebuggingMode = "2"
         BundleIdentifier = "com.apple.carousel"
         RemotePath = "/Philipp Hadjimina">
         <BuildableReference
            BuildableIdentifier = "primary"
            BlueprintIdentifier = "FCD161F31CCD3B5400574793"
            BuildableName = "Philipp Hadjimina WatchKit.app"
            BlueprintName = "Philipp Hadjimina WatchKit"
            ReferencedContainer = "container:Philipp Hadjimina.xcodeproj">
         </BuildableReference>
      </RemoteRunnable>
      <MacroExpansion>
         <BuildableReference
            BuildableIdentifier = "primary"
            BlueprintIdentifier = "FCD161F31CCD3B5400574793"
            BuildableName = "Philipp Hadjimina WatchKit.app"
            BlueprintName = "Philipp Hadjimina WatchKit"
            ReferencedContainer = "container:Philipp Hadjimina.xcodeproj">
         </BuildableReference>
      </MacroExpansion>
      <AdditionalOptions>
      </AdditionalOptions>
      <LocationScenarioReference
         identifier = "../../WWDC2016/TestLocations.gpx"
         referenceType = "0">
      </LocationScenarioReference>
   </LaunchAction>
   <ProfileAction
      buildConfiguration = "Release"
      shouldUseLaunchSchemeArgsEnv = "YES"
      savedToolIdentifier = ""
      useCustomWorkingDirectory = "NO"
      debugDocumentVersioning = "YES"
      launchAutomaticallySubstyle = "8">
      <RemoteRunnable
         runnableDebuggingMode = "2"
         BundleIdentifier = "com.apple.carousel"
         RemotePath = "/Philipp Hadjimina">
         <BuildableReference
            BuildableIdentifier = "primary"
            BlueprintIdentifier = "FCD161F31CCD3B5400574793"
            BuildableName = "Philipp Hadjimina WatchKit.app"
            BlueprintName = "Philipp Hadjimina WatchKit"
            ReferencedContainer = "container:Philipp Hadjimina.xcodeproj">
         </BuildableReference>
      </RemoteRunnable>
      <MacroExpansion>
         <BuildableReference
            BuildableIdentifier = "primary"
            BlueprintIdentifier = "FCD161F31CCD3B5400574793"
            BuildableName = "Philipp Hadjimina WatchKit.app"
            BlueprintName = "Philipp Hadjimina WatchKit"
            ReferencedContainer = "container:Philipp Hadjimina.xcodeproj">
         </BuildableReference>
      </MacroExpansion>
   </ProfileAction>
   <AnalyzeAction
      buildConfiguration = "Debug">
   </AnalyzeAction>
   <ArchiveAction
      buildConfiguration = "Release"
      revealArchiveInOrganizer = "YES">
   </ArchiveAction>
</Scheme>
